# This file is autogenerated, do not edit; changes may be undone by the next 'dep ensure'.


[[projects]]
  digest = "1:352fc094dbd1438593b64251de6788bffdf30f9925cf763c7f62e1fd27142b76"
  name = "github.com/PuerkitoBio/purell"
  packages = ["."]
  pruneopts = "T"
  revision = "0bcb03f4b4d0a9428594752bd2a3b9aa0a9d4bd4"
  version = "v1.1.0"

[[projects]]
  branch = "master"
  digest = "1:c739832d67eb1e9cc478a19cc1a1ccd78df0397bf8a32978b759152e205f644b"
  name = "github.com/PuerkitoBio/urlesc"
  packages = ["."]
  pruneopts = "T"
  revision = "de5bf2ad457846296e2031421a34e2568e304e35"

[[projects]]
  digest = "1:9f42202ac457c462ad8bb9642806d275af9ab4850cf0b1960b9c6f083d4a309a"
  name = "github.com/davecgh/go-spew"
  packages = ["spew"]
  pruneopts = "T"
  revision = "8991bc29aa16c548c550c7ff78260e27b9ab7c73"
  version = "v1.1.1"

[[projects]]
  digest = "1:0ffd93121f3971aea43f6a26b3eaaa64c8af20fb0ff0731087d8dab7164af5a8"
  name = "github.com/emicklei/go-restful"
  packages = [
    ".",
    "log",
  ]
  pruneopts = "T"
  revision = "3eb9738c1697594ea6e71a7156a9bb32ed216cf0"
  version = "v2.8.0"

[[projects]]
  digest = "1:063c9dbe1990c24d60d1d7576f65da6f8c4bd66dda14b52ae2b4ffd5ca559b16"
  name = "github.com/emicklei/go-restful-swagger12"
  packages = ["."]
  pruneopts = "T"
  revision = "dcef7f55730566d41eae5db10e7d6981829720f6"
  version = "1.0.1"

[[projects]]
  digest = "1:2cd7915ab26ede7d95b8749e6b1f933f1c6d5398030684e6505940a10f31cfda"
  name = "github.com/ghodss/yaml"
  packages = ["."]
  pruneopts = "T"
  revision = "0ca9ea5df5451ffdf184b4428c902747c2c11cd7"
  version = "v1.0.0"

[[projects]]
  digest = "1:edb4ff5d89ba495413c056056342387da90787cdbb793dd8c8680a8c55a5daf2"
  name = "github.com/go-openapi/jsonpointer"
  packages = ["."]
  pruneopts = "T"
  revision = "3a0015ad55fa9873f41605d3e8f28cd279c32ab2"
  version = "0.16.0"

[[projects]]
  digest = "1:0bd8659f287cdfc954f1c14ee547f87b427fc1836663a5d7f4e6415fdddb8d33"
  name = "github.com/go-openapi/jsonreference"
  packages = ["."]
  pruneopts = "T"
  revision = "3fb327e6747da3043567ee86abd02bb6376b6be2"
  version = "0.16.0"

[[projects]]
  digest = "1:bb6edad14f7685d0f1109144869f28cc52dca9cdeee00c767d51f6fcf3831f8f"
  name = "github.com/go-openapi/spec"
  packages = ["."]
  pruneopts = "T"
  revision = "384415f06ee238aae1df5caad877de6ceac3a5c4"
  version = "0.16.0"

[[projects]]
  digest = "1:d50b418527f0f5efebe5fe6ee80e228f31412fd647fcaa64e55039b2b67bab27"
  name = "github.com/go-openapi/swag"
  packages = ["."]
  pruneopts = "T"
  revision = "becd2f08beafcca035645a8a101e0e3e18140458"
  version = "0.16.0"

[[projects]]
  digest = "1:586ea76dbd0374d6fb649a91d70d652b7fe0ccffb8910a77468e7702e7901f3d"
  name = "github.com/go-stack/stack"
  packages = ["."]
  pruneopts = "T"
  revision = "2fee6af1a9795aafbe0253a0cfbdf668e1fb8a9a"
  version = "v1.8.0"

[[projects]]
  digest = "1:da39f4a22829ca95e63566208e0ea42d6f055f41dff1b14fdab88d88f62df653"
  name = "github.com/gogo/protobuf"
  packages = [
    "proto",
    "sortkeys",
  ]
  pruneopts = "T"
  revision = "636bf0302bc95575d69441b25a2603156ffdddf1"
  version = "v1.1.1"

[[projects]]
  branch = "master"
  digest = "1:1ba1d79f2810270045c328ae5d674321db34e3aae468eb4233883b473c5c0467"
  name = "github.com/golang/glog"
  packages = ["."]
  pruneopts = "T"
  revision = "23def4e6c14b4da8ac2ed8007337bc5eb5007998"

[[projects]]
  branch = "master"
  digest = "1:29342f636f875ca5478b6fd926212c37d89ae3c858ab3ec4680ee1eed7d32945"
  name = "github.com/golang/groupcache"
  packages = ["lru"]
  pruneopts = "T"
  revision = "6f2cf27854a4a29e3811b0371547be335d411b8b"

[[projects]]
  digest = "1:a2ecb56e5053d942aafc86738915fb94c9131bac848c543b8b6764365fd69080"
  name = "github.com/golang/protobuf"
  packages = [
    "proto",
    "ptypes",
    "ptypes/any",
    "ptypes/duration",
    "ptypes/timestamp",
  ]
  pruneopts = "T"
  revision = "aa810b61a9c79d51363740d207bb46cf8e620ed5"
  version = "v1.2.0"

[[projects]]
  branch = "master"
  digest = "1:0bfbe13936953a98ae3cfe8ed6670d396ad81edf069a806d2f6515d7bb6950df"
  name = "github.com/google/btree"
  packages = ["."]
  pruneopts = "T"
  revision = "4030bb1f1f0c35b30ca7009e9ebd06849dd45306"

[[projects]]
  branch = "master"
  digest = "1:3ee90c0d94da31b442dde97c99635aaafec68d0b8a3c12ee2075c6bdabeec6bb"
  name = "github.com/google/gofuzz"
  packages = ["."]
  pruneopts = "T"
  revision = "24818f796faf91cd76ec7bddd72458fbced7a6c1"

[[projects]]
  digest = "1:35735e2255fa34521c2a1355fb2a3a2300bc9949f487be1c1ce8ee8efcfa2d04"
  name = "github.com/googleapis/gnostic"
  packages = [
    "OpenAPIv2",
    "compiler",
    "extensions",
  ]
  pruneopts = "T"
  revision = "7c663266750e7d82587642f65e60bc4083f1f84e"
  version = "v0.2.0"

[[projects]]
  branch = "master"
  digest = "1:4607fd19c69c3deee61840fca759fedb3908e4fcb09385e2f3783b93e0035c73"
  name = "github.com/gregjones/httpcache"
  packages = [
    ".",
    "diskcache",
  ]
  pruneopts = "T"
  revision = "9cad4c3443a7200dd6400aef47183728de563a38"

[[projects]]
  digest = "1:8ec8d88c248041a6df5f6574b87bc00e7e0b493881dad2e7ef47b11dc69093b5"
  name = "github.com/hashicorp/golang-lru"
  packages = [
    ".",
    "simplelru",
  ]
  pruneopts = "T"
  revision = "20f1fb78b0740ba8c3cb143a61e86ba5c8669768"
  version = "v0.5.0"

[[projects]]
  branch = "master"
  digest = "1:0778dc7fce1b4669a8bfa7ae506ec1f595b6ab0f8989c1c0d22a8ca1144e9972"
  name = "github.com/howeyc/gopass"
  packages = ["."]
  pruneopts = "T"
  revision = "bf9dde6d0d2c004a008c27aaee91170c786f6db8"

[[projects]]
  digest = "1:3477d9dd8c135faab978bac762eaeafb31f28d6da97ef500d5c271966f74140a"
  name = "github.com/imdario/mergo"
  packages = ["."]
  pruneopts = "T"
  revision = "9f23e2d6bd2a77f959b2bf6acdbefd708a83a4a4"
  version = "v0.3.6"

[[projects]]
  digest = "1:55d1a44ee5e75217224af913201bb5fdb0afe4769fc4853f32a35572c199cf29"
  name = "github.com/inconshreveable/log15"
  packages = ["."]
  pruneopts = "T"
  revision = "67afb5ed74ec82fd7ac8f49d27c509ac6f991970"
  version = "v2.14"

[[projects]]
  digest = "1:5d713dbcad44f3358fec51fd5573d4f733c02cac5a40dcb177787ad5ffe9272f"
  name = "github.com/json-iterator/go"
  packages = ["."]
  pruneopts = "T"
  revision = "1624edc4454b8682399def8740d46db5e4362ba4"
  version = "v1.1.5"

[[projects]]
  digest = "1:190ff84d9b2ed6589088f178cba8edb4b8ecb334df4572421fb016be1ac20463"
  name = "github.com/juju/ratelimit"
  packages = ["."]
  pruneopts = "T"
  revision = "59fac5042749a5afb9af70e813da1dd5474f0167"
  version = "1.0.1"

[[projects]]
  branch = "master"
  digest = "1:4be65cb3a11626a0d89fc72b34f62a8768040512d45feb086184ac30fdfbef65"
  name = "github.com/mailru/easyjson"
  packages = [
    "buffer",
    "jlexer",
    "jwriter",
  ]
  pruneopts = "T"
  revision = "60711f1a8329503b04e1c88535f419d0bb440bff"

[[projects]]
  digest = "1:b168836ecd85a2d138391dbc464d2442ea9400c29cc0636f2c6056b996692e29"
  name = "github.com/mattn/go-colorable"
  packages = ["."]
  pruneopts = "T"
  revision = "167de6bfdfba052fa6b2d3664c8f5272e23c9072"
  version = "v0.0.9"

[[projects]]
  digest = "1:0981502f9816113c9c8c4ac301583841855c8cf4da8c72f696b3ebedf6d0e4e5"
  name = "github.com/mattn/go-isatty"
  packages = ["."]
  pruneopts = "T"
  revision = "6ca4dbf54d38eea1a992b3c722a76a5d1c4cb25c"
  version = "v0.0.4"

[[projects]]
  digest = "1:33422d238f147d247752996a26574ac48dcf472976eda7f5134015f06bf16563"
  name = "github.com/modern-go/concurrent"
  packages = ["."]
  pruneopts = "T"
  revision = "bacd9c7ef1dd9b15be4a9909b8ac7a4e313eec94"
  version = "1.0.3"

[[projects]]
  digest = "1:e32bdbdb7c377a07a9a46378290059822efdce5c8d96fe71940d87cb4f918855"
  name = "github.com/modern-go/reflect2"
  packages = ["."]
  pruneopts = "T"
  revision = "4b7aa43c6742a2c18fdef89dd197aaae7dac7ccd"
  version = "1.0.1"

[[projects]]
  branch = "master"
  digest = "1:0c29d499ffc3b9f33e7136444575527d0c3a9463a89b3cbeda0523b737f910b3"
  name = "github.com/petar/GoLLRB"
  packages = ["llrb"]
  pruneopts = "T"
  revision = "53be0d36a84c2a886ca057d34b6aa4468df9ccb4"

[[projects]]
  digest = "1:598241bd36d3a5f6d9102a306bd9bf78f3bc253672460d92ac70566157eae648"
  name = "github.com/peterbourgon/diskv"
  packages = ["."]
  pruneopts = "T"
  revision = "5f041e8faa004a95c88a202771f4cc3e991971e6"
  version = "v2.0.1"

[[projects]]
  digest = "1:22aa691fe0213cb5c07d103f9effebcb7ad04bee45a0ce5fe5369d0ca2ec3a1f"
  name = "github.com/pmezard/go-difflib"
  packages = ["difflib"]
  pruneopts = "T"
  revision = "792786c7400a136282c1664665ae0a8db921c6c2"
  version = "v1.0.0"

[[projects]]
  digest = "1:9ba911fe3884995431690e7eb180cf848da0d637ba5f61711783b795d031793f"
  name = "github.com/spf13/pflag"
  packages = ["."]
  pruneopts = "T"
  revision = "9a97c102cda95a86cec2345a6f09f55a939babf5"
  version = "v1.0.2"

[[projects]]
  digest = "1:e95496462101745805bd4e041a5b841e108c7cf761264d53648246308de2761e"
  name = "github.com/stretchr/testify"
  packages = ["assert"]
  pruneopts = "T"
  revision = "f35b8ab0b5a2cef36673838d662e249dd9c94686"
  version = "v1.2.2"

[[projects]]
  branch = "master"
  digest = "1:1ab52d3e1aa5a6614db79954082a6bcbec0979671b58721af8d62e5d7861af22"
  name = "github.com/wangkuiyi/candy"
  packages = ["."]
  pruneopts = "T"
  revision = "1b9030d056fa9f8c4b1f9c91b52fe4b8ab4cd8cc"

[[projects]]
  branch = "master"
  digest = "1:62fac8c414ce3fb59b87102ebebb04edd0287a721c0cd6b36f4dc866a42cf772"
  name = "golang.org/x/crypto"
  packages = ["ssh/terminal"]
  pruneopts = "T"
  revision = "0e37d006457bf46f9e6692014ba72ef82c33022c"

[[projects]]
  branch = "master"
  digest = "1:5b01b40bc45c32cbd2cf971e64cc2ce4e928f5348bbe21adfca71f3d27ff4148"
  name = "golang.org/x/net"
  packages = [
    "context",
    "http/httpguts",
    "http2",
    "http2/hpack",
    "idna",
  ]
  pruneopts = "T"
  revision = "f04abc6bdfa7a0171a8a0c9fd2ada9391044d056"

[[projects]]
  branch = "master"
  digest = "1:16e8add648fb695c0b15897ac69758041d0a3f64faacf337328ed0715e000ebd"
  name = "golang.org/x/sys"
  packages = [
    "unix",
    "windows",
  ]
  pruneopts = "T"
  revision = "b09afc3d579e346c4a7e4705953acaf6f9e551bd"

[[projects]]
  digest = "1:6164911cb5e94e8d8d5131d646613ff82c14f5a8ce869de2f6d80d9889df8c5a"
  name = "golang.org/x/text"
  packages = [
    "collate",
    "collate/build",
    "internal/colltab",
    "internal/gen",
    "internal/tag",
    "internal/triegen",
    "internal/ucd",
    "language",
    "secure/bidirule",
    "transform",
    "unicode/bidi",
    "unicode/cldr",
    "unicode/norm",
    "unicode/rangetable",
    "width",
  ]
  pruneopts = "T"
  revision = "f21a4dfb5e38f5895301dc265a8def02365cc3d0"
  version = "v0.3.0"

[[projects]]
  branch = "master"
  digest = "1:911abf5e27cbd0076f863bc41106b08e183a6c55676c519d0b515acc48112f98"
  name = "golang.org/x/tools"
  packages = [
    "go/ast/astutil",
    "imports",
    "internal/fastwalk",
    "internal/gopathwalk",
  ]
  pruneopts = "T"
  revision = "5e66757b835f155f7e50931f54c9f6af8af86f75"

[[projects]]
  digest = "1:2d1fbdc6777e5408cabeb02bf336305e724b925ff4546ded0fa8715a7267922a"
  name = "gopkg.in/inf.v0"
  packages = ["."]
  pruneopts = "T"
  revision = "d2d2541c53f18d2a059457998ce2876cc8e67cbf"
  version = "v0.9.1"

[[projects]]
  digest = "1:342378ac4dcb378a5448dd723f0784ae519383532f5e70ade24132c4c8693202"
  name = "gopkg.in/yaml.v2"
  packages = ["."]
  pruneopts = "T"
  revision = "5420a8b6744d3b0345ab293f6fcba19c978f1183"
  version = "v2.2.1"

[[projects]]
  digest = "1:1a0ba6898b05fadb3d707d4dc5427618c590804422464355aecaa5e8c22d82b4"
  name = "k8s.io/api"
  packages = [
    "admissionregistration/v1alpha1",
    "apps/v1beta1",
    "apps/v1beta2",
    "authentication/v1",
    "authentication/v1beta1",
    "authorization/v1",
    "authorization/v1beta1",
    "autoscaling/v1",
    "autoscaling/v2beta1",
    "batch/v1",
    "batch/v1beta1",
    "batch/v2alpha1",
    "certificates/v1beta1",
    "core/v1",
    "extensions/v1beta1",
    "networking/v1",
    "policy/v1beta1",
    "rbac/v1",
    "rbac/v1alpha1",
    "rbac/v1beta1",
    "scheduling/v1alpha1",
    "settings/v1alpha1",
    "storage/v1",
    "storage/v1beta1",
  ]
  pruneopts = "T"
  revision = "16d8aa96b2ee8e3e11b8edd195f67bcf6b2ce653"
  version = "kubernetes-1.8.12"

[[projects]]
  digest = "1:0c03c619de371947ab6d98cf7dc4dcfee3a181e5130a30434a405e892f90e0ab"
  name = "k8s.io/apiextensions-apiserver"
  packages = [
    "pkg/apis/apiextensions",
    "pkg/apis/apiextensions/v1beta1",
    "pkg/client/clientset/clientset",
    "pkg/client/clientset/clientset/scheme",
    "pkg/client/clientset/clientset/typed/apiextensions/v1beta1",
  ]
  pruneopts = "T"
  revision = "a6a2510784dc6f054c4ca90ed9ca20671b0e1a14"
  version = "kubernetes-1.8.12"

[[projects]]
  digest = "1:687593a9d7b2c48c6c443461e9a150b7094a473f612b2f9e03d8c926e4ab4ecd"
  name = "k8s.io/apimachinery"
  packages = [
    "pkg/api/equality",
    "pkg/api/errors",
    "pkg/api/meta",
    "pkg/api/resource",
    "pkg/apimachinery",
    "pkg/apimachinery/announced",
    "pkg/apimachinery/registered",
    "pkg/apis/meta/internalversion",
    "pkg/apis/meta/v1",
    "pkg/apis/meta/v1/unstructured",
    "pkg/apis/meta/v1alpha1",
    "pkg/conversion",
    "pkg/conversion/queryparams",
    "pkg/conversion/unstructured",
    "pkg/fields",
    "pkg/labels",
    "pkg/runtime",
    "pkg/runtime/schema",
    "pkg/runtime/serializer",
    "pkg/runtime/serializer/json",
    "pkg/runtime/serializer/protobuf",
    "pkg/runtime/serializer/recognizer",
    "pkg/runtime/serializer/streaming",
    "pkg/runtime/serializer/versioning",
    "pkg/selection",
    "pkg/types",
    "pkg/util/cache",
    "pkg/util/clock",
    "pkg/util/diff",
    "pkg/util/errors",
    "pkg/util/framer",
    "pkg/util/intstr",
    "pkg/util/json",
    "pkg/util/mergepatch",
    "pkg/util/net",
    "pkg/util/runtime",
    "pkg/util/sets",
    "pkg/util/strategicpatch",
    "pkg/util/validation",
    "pkg/util/validation/field",
    "pkg/util/wait",
    "pkg/util/yaml",
    "pkg/version",
    "pkg/watch",
    "third_party/forked/golang/json",
    "third_party/forked/golang/reflect",
  ]
  pruneopts = "T"
  revision = "4972c8e335e32ab65ba45bde0a99c6544c8a8e4c"
  version = "kubernetes-1.8.12"

[[projects]]
  digest = "1:837b637e4fa93a6996c797d41d5890160f9930b45fed67a7e147ddafe80c64ae"
  name = "k8s.io/client-go"
  packages = [
    "discovery",
    "discovery/fake",
    "kubernetes",
    "kubernetes/scheme",
    "kubernetes/typed/admissionregistration/v1alpha1",
    "kubernetes/typed/apps/v1beta1",
    "kubernetes/typed/apps/v1beta2",
    "kubernetes/typed/authentication/v1",
    "kubernetes/typed/authentication/v1beta1",
    "kubernetes/typed/authorization/v1",
    "kubernetes/typed/authorization/v1beta1",
    "kubernetes/typed/autoscaling/v1",
    "kubernetes/typed/autoscaling/v2beta1",
    "kubernetes/typed/batch/v1",
    "kubernetes/typed/batch/v1beta1",
    "kubernetes/typed/batch/v2alpha1",
    "kubernetes/typed/certificates/v1beta1",
    "kubernetes/typed/core/v1",
    "kubernetes/typed/extensions/v1beta1",
    "kubernetes/typed/networking/v1",
    "kubernetes/typed/policy/v1beta1",
    "kubernetes/typed/rbac/v1",
    "kubernetes/typed/rbac/v1alpha1",
    "kubernetes/typed/rbac/v1beta1",
    "kubernetes/typed/scheduling/v1alpha1",
    "kubernetes/typed/settings/v1alpha1",
    "kubernetes/typed/storage/v1",
    "kubernetes/typed/storage/v1beta1",
    "pkg/version",
    "rest",
    "rest/watch",
    "testing",
    "tools/auth",
    "tools/cache",
    "tools/clientcmd",
    "tools/clientcmd/api",
    "tools/clientcmd/api/latest",
    "tools/clientcmd/api/v1",
    "tools/leaderelection",
    "tools/leaderelection/resourcelock",
    "tools/metrics",
    "tools/pager",
    "tools/record",
    "tools/reference",
    "transport",
    "util/cert",
    "util/flowcontrol",
    "util/homedir",
    "util/integer",
    "util/workqueue",
  ]
  pruneopts = "T"
  revision = "2ae454230481a7cb5544325e12ad7658ecccd19b"
  version = "v5.0.1"

[[projects]]
  digest = "1:bb4b6c623e73457a12d2d23e2171ba84e3d21822f1a11f88275372c975f9db4a"
  name = "k8s.io/code-generator"
  packages = [
    "cmd/client-gen",
    "cmd/client-gen/args",
    "cmd/client-gen/generators",
    "cmd/client-gen/generators/fake",
    "cmd/client-gen/generators/scheme",
    "cmd/client-gen/generators/util",
    "cmd/client-gen/path",
    "cmd/client-gen/types",
  ]
  pruneopts = "T"
  revision = "306be794f1b124a9c939ab168e9ea3944387e66b"
  version = "kubernetes-1.8.12"

[[projects]]
  branch = "master"
  digest = "1:f58422ce44ba581f34423e12c951061d139fa3518441b0e791b1f57a6494d603"
  name = "k8s.io/gengo"
  packages = [
    "args",
    "generator",
    "namer",
    "parser",
    "types",
  ]
  pruneopts = "T"
  revision = "4242d8e6c5dba56827bb7bcf14ad11cda38f3991"

[[projects]]
  branch = "master"
  digest = "1:38bc6f751116369b8f6752fed062e36c56564cfaca0318b3a71caf3b05329d7c"
  name = "k8s.io/kube-openapi"
  packages = ["pkg/common"]
  pruneopts = "T"
  revision = "e3762e86a74c878ffed47484592986685639c2cd"

[[projects]]
  digest = "1:afa8699500a8f9ffff9a373b72b89aaf8068e6831f756ad80a1e93c9a1225ef9"
  name = "k8s.io/kubernetes"
  packages = ["pkg/api"]
  pruneopts = "T"
  revision = "c2bd642c70b3629223ea3b7db566a267a1e2d0df"
  version = "v1.8.15"

[solve-meta]
  analyzer-name = "dep"
  analyzer-version = 1
  input-imports = [
    "github.com/golang/glog",
    "github.com/inconshreveable/log15",
    "github.com/stretchr/testify/assert",
    "github.com/wangkuiyi/candy",
    "k8s.io/api/batch/v1",
    "k8s.io/api/core/v1",
    "k8s.io/api/extensions/v1beta1",
    "k8s.io/apiextensions-apiserver/pkg/apis/apiextensions/v1beta1",
    "k8s.io/apiextensions-apiserver/pkg/client/clientset/clientset",
    "k8s.io/apimachinery/pkg/api/errors",
    "k8s.io/apimachinery/pkg/api/resource",
    "k8s.io/apimachinery/pkg/apis/meta/v1",
    "k8s.io/apimachinery/pkg/conversion",
    "k8s.io/apimachinery/pkg/fields",
    "k8s.io/apimachinery/pkg/labels",
    "k8s.io/apimachinery/pkg/runtime",
    "k8s.io/apimachinery/pkg/runtime/schema",
    "k8s.io/apimachinery/pkg/runtime/serializer",
    "k8s.io/apimachinery/pkg/types",
    "k8s.io/apimachinery/pkg/util/runtime",
    "k8s.io/apimachinery/pkg/util/wait",
    "k8s.io/apimachinery/pkg/watch",
    "k8s.io/client-go/discovery",
    "k8s.io/client-go/discovery/fake",
    "k8s.io/client-go/kubernetes",
    "k8s.io/client-go/kubernetes/scheme",
    "k8s.io/client-go/kubernetes/typed/core/v1",
    "k8s.io/client-go/rest",
    "k8s.io/client-go/testing",
    "k8s.io/client-go/tools/cache",
    "k8s.io/client-go/tools/clientcmd",
    "k8s.io/client-go/tools/leaderelection",
    "k8s.io/client-go/tools/leaderelection/resourcelock",
    "k8s.io/client-go/tools/record",
    "k8s.io/client-go/util/flowcontrol",
    "k8s.io/client-go/util/workqueue",
    "k8s.io/code-generator/cmd/client-gen",
    "k8s.io/kubernetes/pkg/api",
  ]
  solver-name = "gps-cdcl"
  solver-version = 1
